
Microsoft Visual Studio Solution File, Format Version 12.00
# Visual Studio Version 17
VisualStudioVersion = 17.5.33530.505
MinimumVisualStudioVersion = 10.0.40219.1
Project("{2150E333-8FDC-42A3-9474-1A3956D46DE8}") = "src", "src", "{F18EFB53-A4D6-4170-B1F7-EA927006F1B6}"
EndProject
Project("{2150E333-8FDC-42A3-9474-1A3956D46DE8}") = "Backend", "Backend", "{55952834-6610-4EFC-B3A7-6769AB64857F}"
EndProject
Project("{2150E333-8FDC-42A3-9474-1A3956D46DE8}") = "Shared", "Shared", "{979D0AED-F44E-45FE-99B0-9D3B98C44D1C}"
EndProject
Project("{9A19103F-16F7-4668-BE54-9A1E7A4F7556}") = "MinhaAgendaDeContatos.Api", "src\Backend\MinhaAgendaDeContatos.Api\MinhaAgendaDeContatos.Api.csproj", "{F1867413-5C72-4666-84B2-5E507FA09E4F}"
EndProject
Project("{9A19103F-16F7-4668-BE54-9A1E7A4F7556}") = "MinhaAgendaDeContatos.Application", "src\Backend\MinhaAgendaDeContatos.Application\MinhaAgendaDeContatos.Application.csproj", "{78137AC9-E60A-459C-BCC4-922272A37719}"
EndProject
Project("{9A19103F-16F7-4668-BE54-9A1E7A4F7556}") = "MinhaAgendaDeContatos.Domain", "src\Backend\MinhaAgendaDeContatos.Domain\MinhaAgendaDeContatos.Domain.csproj", "{4068530E-32A4-4F03-9953-1A1F2DF18B32}"
EndProject
Project("{9A19103F-16F7-4668-BE54-9A1E7A4F7556}") = "MinhaAgendaDeContatos.Infraestrutura", "src\Backend\MinhaAgendaDeContatos.Infraestrutura\MinhaAgendaDeContatos.Infraestrutura.csproj", "{E6455FC4-3EE4-4FC5-B059-BC33517033A3}"
EndProject
Project("{9A19103F-16F7-4668-BE54-9A1E7A4F7556}") = "MinhaAgendaDeContatos.Comunicacao", "src\Shared\MinhaAgendaDeContatos.Comunicacao\MinhaAgendaDeContatos.Comunicacao.csproj", "{0CF4C0F4-51D0-4B28-B655-62EC413C6932}"
EndProject
Project("{9A19103F-16F7-4668-BE54-9A1E7A4F7556}") = "MinhaAgendaDeContatos.Exceptions", "src\Shared\MinhaAgendaDeContatos.Exceptions\MinhaAgendaDeContatos.Exceptions.csproj", "{3229EEC2-82EC-48C3-8873-E7610B784E41}"
EndProject
Project("{2150E333-8FDC-42A3-9474-1A3956D46DE8}") = "Solution Items", "Solution Items", "{4B0E2C31-720F-4203-A972-8ED21A2C268A}"
	ProjectSection(SolutionItems) = preProject
		.editorconfig = .editorconfig
	EndProjectSection
EndProject
Project("{2150E333-8FDC-42A3-9474-1A3956D46DE8}") = "Test", "Test", "{50435F3B-1663-49F8-AC33-A4DBBAEBE2D2}"
EndProject
Project("{9A19103F-16F7-4668-BE54-9A1E7A4F7556}") = "MinhaAgendaDeContatos.UnitTest", "src\Test\MinhaAgendaDeContatos.UnitTest\MinhaAgendaDeContatos.UnitTest.csproj", "{52EB7234-8EC9-46BF-B320-CE7519F9CF59}"
EndProject
Project("{9A19103F-16F7-4668-BE54-9A1E7A4F7556}") = "MinhaAgendaDeContatos.IntegrationTest", "src\Test\MinhaAgendaDeContatos.IntegrationTest\MinhaAgendaDeContatos.IntegrationTest.csproj", "{6FFF4510-FEF5-4748-A09C-2A162534F902}"
EndProject
Project("{9A19103F-16F7-4668-BE54-9A1E7A4F7556}") = "MinhaAgendaDeContatos.Produtor", "src\Backend\MinhaAgendaDeContatos.Produtor\MinhaAgendaDeContatos.Produtor.csproj", "{00A96841-1C7F-46F2-A36E-C1C352F4083E}"
EndProject
Project("{FAE04EC0-301F-11D3-BF4B-00C04F79EFBC}") = "MinhaAgendaDeContatos.Consumidor", "src\Backend\MinhaAgendaDeContatos.Consumidor\MinhaAgendaDeContatos.Consumidor.csproj", "{3D1B72DF-36F7-4C27-B0F3-5982CDE66E04}"
EndProject
Global
	GlobalSection(SolutionConfigurationPlatforms) = preSolution
		Debug|Any CPU = Debug|Any CPU
		Release|Any CPU = Release|Any CPU
	EndGlobalSection
	GlobalSection(ProjectConfigurationPlatforms) = postSolution
		{F1867413-5C72-4666-84B2-5E507FA09E4F}.Debug|Any CPU.ActiveCfg = Debug|Any CPU
		{F1867413-5C72-4666-84B2-5E507FA09E4F}.Debug|Any CPU.Build.0 = Debug|Any CPU
		{F1867413-5C72-4666-84B2-5E507FA09E4F}.Release|Any CPU.ActiveCfg = Release|Any CPU
		{F1867413-5C72-4666-84B2-5E507FA09E4F}.Release|Any CPU.Build.0 = Release|Any CPU
		{78137AC9-E60A-459C-BCC4-922272A37719}.Debug|Any CPU.ActiveCfg = Debug|Any CPU
		{78137AC9-E60A-459C-BCC4-922272A37719}.Debug|Any CPU.Build.0 = Debug|Any CPU
		{78137AC9-E60A-459C-BCC4-922272A37719}.Release|Any CPU.ActiveCfg = Release|Any CPU
		{78137AC9-E60A-459C-BCC4-922272A37719}.Release|Any CPU.Build.0 = Release|Any CPU
		{4068530E-32A4-4F03-9953-1A1F2DF18B32}.Debug|Any CPU.ActiveCfg = Debug|Any CPU
		{4068530E-32A4-4F03-9953-1A1F2DF18B32}.Debug|Any CPU.Build.0 = Debug|Any CPU
		{4068530E-32A4-4F03-9953-1A1F2DF18B32}.Release|Any CPU.ActiveCfg = Release|Any CPU
		{4068530E-32A4-4F03-9953-1A1F2DF18B32}.Release|Any CPU.Build.0 = Release|Any CPU
		{E6455FC4-3EE4-4FC5-B059-BC33517033A3}.Debug|Any CPU.ActiveCfg = Debug|Any CPU
		{E6455FC4-3EE4-4FC5-B059-BC33517033A3}.Debug|Any CPU.Build.0 = Debug|Any CPU
		{E6455FC4-3EE4-4FC5-B059-BC33517033A3}.Release|Any CPU.ActiveCfg = Release|Any CPU
		{E6455FC4-3EE4-4FC5-B059-BC33517033A3}.Release|Any CPU.Build.0 = Release|Any CPU
		{0CF4C0F4-51D0-4B28-B655-62EC413C6932}.Debug|Any CPU.ActiveCfg = Debug|Any CPU
		{0CF4C0F4-51D0-4B28-B655-62EC413C6932}.Debug|Any CPU.Build.0 = Debug|Any CPU
		{0CF4C0F4-51D0-4B28-B655-62EC413C6932}.Release|Any CPU.ActiveCfg = Release|Any CPU
		{0CF4C0F4-51D0-4B28-B655-62EC413C6932}.Release|Any CPU.Build.0 = Release|Any CPU
		{3229EEC2-82EC-48C3-8873-E7610B784E41}.Debug|Any CPU.ActiveCfg = Debug|Any CPU
		{3229EEC2-82EC-48C3-8873-E7610B784E41}.Debug|Any CPU.Build.0 = Debug|Any CPU
		{3229EEC2-82EC-48C3-8873-E7610B784E41}.Release|Any CPU.ActiveCfg = Release|Any CPU
		{3229EEC2-82EC-48C3-8873-E7610B784E41}.Release|Any CPU.Build.0 = Release|Any CPU
		{52EB7234-8EC9-46BF-B320-CE7519F9CF59}.Debug|Any CPU.ActiveCfg = Debug|Any CPU
		{52EB7234-8EC9-46BF-B320-CE7519F9CF59}.Debug|Any CPU.Build.0 = Debug|Any CPU
		{52EB7234-8EC9-46BF-B320-CE7519F9CF59}.Release|Any CPU.ActiveCfg = Release|Any CPU
		{52EB7234-8EC9-46BF-B320-CE7519F9CF59}.Release|Any CPU.Build.0 = Release|Any CPU
		{6FFF4510-FEF5-4748-A09C-2A162534F902}.Debug|Any CPU.ActiveCfg = Debug|Any CPU
		{6FFF4510-FEF5-4748-A09C-2A162534F902}.Debug|Any CPU.Build.0 = Debug|Any CPU
		{6FFF4510-FEF5-4748-A09C-2A162534F902}.Release|Any CPU.ActiveCfg = Release|Any CPU
		{6FFF4510-FEF5-4748-A09C-2A162534F902}.Release|Any CPU.Build.0 = Release|Any CPU
		{00A96841-1C7F-46F2-A36E-C1C352F4083E}.Debug|Any CPU.ActiveCfg = Debug|Any CPU
		{00A96841-1C7F-46F2-A36E-C1C352F4083E}.Debug|Any CPU.Build.0 = Debug|Any CPU
		{00A96841-1C7F-46F2-A36E-C1C352F4083E}.Release|Any CPU.ActiveCfg = Release|Any CPU
		{00A96841-1C7F-46F2-A36E-C1C352F4083E}.Release|Any CPU.Build.0 = Release|Any CPU
		{3D1B72DF-36F7-4C27-B0F3-5982CDE66E04}.Debug|Any CPU.ActiveCfg = Debug|Any CPU
		{3D1B72DF-36F7-4C27-B0F3-5982CDE66E04}.Debug|Any CPU.Build.0 = Debug|Any CPU
		{3D1B72DF-36F7-4C27-B0F3-5982CDE66E04}.Release|Any CPU.ActiveCfg = Release|Any CPU
		{3D1B72DF-36F7-4C27-B0F3-5982CDE66E04}.Release|Any CPU.Build.0 = Release|Any CPU
	EndGlobalSection
	GlobalSection(SolutionProperties) = preSolution
		HideSolutionNode = FALSE
	EndGlobalSection
	GlobalSection(NestedProjects) = preSolution
		{55952834-6610-4EFC-B3A7-6769AB64857F} = {F18EFB53-A4D6-4170-B1F7-EA927006F1B6}
		{979D0AED-F44E-45FE-99B0-9D3B98C44D1C} = {F18EFB53-A4D6-4170-B1F7-EA927006F1B6}
		{F1867413-5C72-4666-84B2-5E507FA09E4F} = {55952834-6610-4EFC-B3A7-6769AB64857F}
		{78137AC9-E60A-459C-BCC4-922272A37719} = {55952834-6610-4EFC-B3A7-6769AB64857F}
		{4068530E-32A4-4F03-9953-1A1F2DF18B32} = {55952834-6610-4EFC-B3A7-6769AB64857F}
		{E6455FC4-3EE4-4FC5-B059-BC33517033A3} = {55952834-6610-4EFC-B3A7-6769AB64857F}
		{0CF4C0F4-51D0-4B28-B655-62EC413C6932} = {979D0AED-F44E-45FE-99B0-9D3B98C44D1C}
		{3229EEC2-82EC-48C3-8873-E7610B784E41} = {979D0AED-F44E-45FE-99B0-9D3B98C44D1C}
		{50435F3B-1663-49F8-AC33-A4DBBAEBE2D2} = {F18EFB53-A4D6-4170-B1F7-EA927006F1B6}
		{52EB7234-8EC9-46BF-B320-CE7519F9CF59} = {50435F3B-1663-49F8-AC33-A4DBBAEBE2D2}
		{6FFF4510-FEF5-4748-A09C-2A162534F902} = {50435F3B-1663-49F8-AC33-A4DBBAEBE2D2}
		{00A96841-1C7F-46F2-A36E-C1C352F4083E} = {55952834-6610-4EFC-B3A7-6769AB64857F}
		{3D1B72DF-36F7-4C27-B0F3-5982CDE66E04} = {55952834-6610-4EFC-B3A7-6769AB64857F}
	EndGlobalSection
	GlobalSection(ExtensibilityGlobals) = postSolution
		SolutionGuid = {067B90E5-0A86-49E3-9650-848A429BF85B}
	EndGlobalSection
EndGlobal
